
Microsoft Visual Studio Solution File, Format Version 12.00
# Visual Studio Version 16
Project("{FAE04EC0-301F-11D3-BF4B-00C04F79EFBC}") = "BaseProject", "BaseProject\BaseProject.csproj", "{57E40132-CF3B-4E52-B279-34E56801A025}"
EndProject
Project("{FAE04EC0-301F-11D3-BF4B-00C04F79EFBC}") = "WebApp.Strategy", "WebApp.Strategy\WebApp.Strategy.csproj", "{8037C8D6-A1D3-4580-8162-F708FCBF9816}"
EndProject
Project("{FAE04EC0-301F-11D3-BF4B-00C04F79EFBC}") = "WebAppTemplate", "WebAppTemplate\WebAppTemplate.csproj", "{3349277D-90DE-44BA-A6F8-F50AE36F6494}"
EndProject
Project("{FAE04EC0-301F-11D3-BF4B-00C04F79EFBC}") = "WebApp.Observer", "WebApp.Observer\WebApp.Observer.csproj", "{D20C68F6-EBEA-4080-8002-CF562B94C861}"
EndProject
Project("{FAE04EC0-301F-11D3-BF4B-00C04F79EFBC}") = "WebApp.ChainofResponsibility", "WebApp.ChainofResponsibility\WebApp.ChainofResponsibility.csproj", "{BF5E293C-C85E-4507-825B-9452E7B66C25}"
EndProject
Project("{FAE04EC0-301F-11D3-BF4B-00C04F79EFBC}") = "WebApp.Composite", "WebApp.Composite\WebApp.Composite.csproj", "{C5C082A8-101A-4EC8-98AF-0E3155BA49C8}"
EndProject
Global
	GlobalSection(SolutionConfigurationPlatforms) = preSolution
		Debug|Any CPU = Debug|Any CPU
		Release|Any CPU = Release|Any CPU
	EndGlobalSection
	GlobalSection(ProjectConfigurationPlatforms) = postSolution
		{57E40132-CF3B-4E52-B279-34E56801A025}.Debug|Any CPU.ActiveCfg = Debug|Any CPU
		{57E40132-CF3B-4E52-B279-34E56801A025}.Debug|Any CPU.Build.0 = Debug|Any CPU
		{57E40132-CF3B-4E52-B279-34E56801A025}.Release|Any CPU.ActiveCfg = Release|Any CPU
		{57E40132-CF3B-4E52-B279-34E56801A025}.Release|Any CPU.Build.0 = Release|Any CPU
		{8037C8D6-A1D3-4580-8162-F708FCBF9816}.Debug|Any CPU.ActiveCfg = Debug|Any CPU
		{8037C8D6-A1D3-4580-8162-F708FCBF9816}.Debug|Any CPU.Build.0 = Debug|Any CPU
		{8037C8D6-A1D3-4580-8162-F708FCBF9816}.Release|Any CPU.ActiveCfg = Release|Any CPU
		{8037C8D6-A1D3-4580-8162-F708FCBF9816}.Release|Any CPU.Build.0 = Release|Any CPU
		{3349277D-90DE-44BA-A6F8-F50AE36F6494}.Debug|Any CPU.ActiveCfg = Debug|Any CPU
		{3349277D-90DE-44BA-A6F8-F50AE36F6494}.Debug|Any CPU.Build.0 = Debug|Any CPU
		{3349277D-90DE-44BA-A6F8-F50AE36F6494}.Release|Any CPU.ActiveCfg = Release|Any CPU
		{3349277D-90DE-44BA-A6F8-F50AE36F6494}.Release|Any CPU.Build.0 = Release|Any CPU
		{D20C68F6-EBEA-4080-8002-CF562B94C861}.Debug|Any CPU.ActiveCfg = Debug|Any CPU
		{D20C68F6-EBEA-4080-8002-CF562B94C861}.Debug|Any CPU.Build.0 = Debug|Any CPU
		{D20C68F6-EBEA-4080-8002-CF562B94C861}.Release|Any CPU.ActiveCfg = Release|Any CPU
		{D20C68F6-EBEA-4080-8002-CF562B94C861}.Release|Any CPU.Build.0 = Release|Any CPU
		{BF5E293C-C85E-4507-825B-9452E7B66C25}.Debug|Any CPU.ActiveCfg = Debug|Any CPU
		{BF5E293C-C85E-4507-825B-9452E7B66C25}.Debug|Any CPU.Build.0 = Debug|Any CPU
		{BF5E293C-C85E-4507-825B-9452E7B66C25}.Release|Any CPU.ActiveCfg = Release|Any CPU
		{BF5E293C-C85E-4507-825B-9452E7B66C25}.Release|Any CPU.Build.0 = Release|Any CPU
		{C5C082A8-101A-4EC8-98AF-0E3155BA49C8}.Debug|Any CPU.ActiveCfg = Debug|Any CPU
		{C5C082A8-101A-4EC8-98AF-0E3155BA49C8}.Debug|Any CPU.Build.0 = Debug|Any CPU
		{C5C082A8-101A-4EC8-98AF-0E3155BA49C8}.Release|Any CPU.ActiveCfg = Release|Any CPU
		{C5C082A8-101A-4EC8-98AF-0E3155BA49C8}.Release|Any CPU.Build.0 = Release|Any CPU
	EndGlobalSection
EndGlobal
