
Microsoft Visual Studio Solution File, Format Version 12.00
Project("{FAE04EC0-301F-11D3-BF4B-00C04F79EFBC}") = "BaseProject", "BaseProject\BaseProject.csproj", "{57E40132-CF3B-4E52-B279-34E56801A025}"
EndProject
Global
	GlobalSection(SolutionConfigurationPlatforms) = preSolution
		Debug|Any CPU = Debug|Any CPU
		Release|Any CPU = Release|Any CPU
	EndGlobalSection
	GlobalSection(ProjectConfigurationPlatforms) = postSolution
		{57E40132-CF3B-4E52-B279-34E56801A025}.Debug|Any CPU.ActiveCfg = Debug|Any CPU
		{57E40132-CF3B-4E52-B279-34E56801A025}.Debug|Any CPU.Build.0 = Debug|Any CPU
		{57E40132-CF3B-4E52-B279-34E56801A025}.Release|Any CPU.ActiveCfg = Release|Any CPU
		{57E40132-CF3B-4E52-B279-34E56801A025}.Release|Any CPU.Build.0 = Release|Any CPU
	EndGlobalSection
EndGlobal
